{
  "requires": true,
  "lockfileVersion": 1,
  "dependencies": {
    "@nebular/date-fns": {
      "version": "6.2.1",
      "resolved": "https://registry.npmjs.org/@nebular/date-fns/-/date-fns-6.2.1.tgz",
      "integrity": "sha512-+RcEkatt3ihSx3B2AFhOwbaLCrPaTgc6XHNn34hZvzMiUj8yy3KoQvWilron76aaCwgaDGGeTnxj3P+2qXWwUg=="
    }
  }
}
